PODS:
  - barcode_scan (0.0.1):
    - Flutter
    - MTBBarcodeScanner
  - Flutter (1.0.0)
  - flutter_local_notifications (0.0.1):
    - Flutter
  - fluttertoast (0.0.2):
    - Flutter
  - google_maps_flutter (0.0.1):
    - Flutter
    - GoogleMaps
  - GoogleMaps (2.7.0):
    - GoogleMaps/Maps (= 2.7.0)
  - GoogleMaps/Base (2.7.0)
  - GoogleMaps/Maps (2.7.0):
    - GoogleMaps/Base
  - location (0.0.1):
    - Flutter
  - MTBBarcodeScanner (5.0.6)
  - path_provider (0.0.1):
    - Flutter
  - permission (0.0.1):
    - Flutter
  - shared_preferences (0.0.1):
    - Flutter
  - speech_recognition (0.0.1):
    - Flutter
  - url_launcher (0.0.1):
    - Flutter

DEPENDENCIES:
  - barcode_scan (from `Pods/.symlinks/plugins/barcode_scan/ios`)
  - Flutter (from `Pods/.symlinks/flutter/ios-release`)
  - flutter_local_notifications (from `Pods/.symlinks/plugins/flutter_local_notifications/ios`)
  - fluttertoast (from `Pods/.symlinks/plugins/fluttertoast/ios`)
  - google_maps_flutter (from `Pods/.symlinks/plugins/google_maps_flutter/ios`)
  - location (from `Pods/.symlinks/plugins/location/ios`)
  - path_provider (from `Pods/.symlinks/plugins/path_provider/ios`)
  - permission (from `Pods/.symlinks/plugins/permission/ios`)
  - shared_preferences (from `Pods/.symlinks/plugins/shared_preferences/ios`)
  - speech_recognition (from `Pods/.symlinks/plugins/speech_recognition/ios`)
  - url_launcher (from `Pods/.symlinks/plugins/url_launcher/ios`)

SPEC REPOS:
  https://github.com/cocoapods/specs.git:
    - GoogleMaps
    - MTBBarcodeScanner

EXTERNAL SOURCES:
  barcode_scan:
    :path: Pods/.symlinks/plugins/barcode_scan/ios
  Flutter:
    :path: Pods/.symlinks/flutter/ios-release
  flutter_local_notifications:
    :path: Pods/.symlinks/plugins/flutter_local_notifications/ios
  fluttertoast:
    :path: Pods/.symlinks/plugins/fluttertoast/ios
  google_maps_flutter:
    :path: Pods/.symlinks/plugins/google_maps_flutter/ios
  location:
    :path: Pods/.symlinks/plugins/location/ios
  path_provider:
    :path: Pods/.symlinks/plugins/path_provider/ios
  permission:
    :path: Pods/.symlinks/plugins/permission/ios
  shared_preferences:
    :path: Pods/.symlinks/plugins/shared_preferences/ios
  speech_recognition:
    :path: Pods/.symlinks/plugins/speech_recognition/ios
  url_launcher:
    :path: Pods/.symlinks/plugins/url_launcher/ios

SPEC CHECKSUMS:
  barcode_scan: 8288e70cb430072003bce2c794a1431e7adbcb4d
  Flutter: 9d0fac939486c9aba2809b7982dfdbb47a7b0296
  flutter_local_notifications: 696a74904e0a0ab754e27a5f761da4a7f9153710
  fluttertoast: ad0527b15297baf11349f3f581dae4d40f24f340
  google_maps_flutter: 6449d5918d3f1a69a37dc9c557bbad7bb9bcf0e9
  GoogleMaps: f79af95cb24d869457b1f961c93d3ce8b2f3b848
  location: 26c90953ad5916331d0d1d913898779910416487
  MTBBarcodeScanner: bb0bb62e18b57f8a571a482248adc20722b70a91
  path_provider: 09407919825bfe3c2deae39453b7a5b44f467873
  permission: 73babbad07b0da75953c89f5a481244ee9d7ae46
  shared_preferences: 5a1d487c427ee18fcd3ea1f2a131569481834b53
  speech_recognition: 647da2fb33d7e6968bbdbd85240b5ee420d651f8
  url_launcher: 92b89c1029a0373879933c21642958c874539095

PODFILE CHECKSUM: a73011c22ddb19ea500a78c5ec2fdcbeb7dd1cf2

COCOAPODS: 1.5.3
